
Microsoft Visual Studio Solution File, Format Version 12.00
# Visual Studio Version 17
VisualStudioVersion = 17.8.34322.80
MinimumVisualStudioVersion = 10.0.40219.1
Project("{FAE04EC0-301F-11D3-BF4B-00C04F79EFBC}") = "Business", "Business\Business.csproj", "{EF192C82-65A9-4707-8AC5-670236BB8F3B}"
EndProject
Project("{FAE04EC0-301F-11D3-BF4B-00C04F79EFBC}") = "DataAccess", "DataAccess\DataAccess.csproj", "{3CB8667B-DC4E-4B5E-951C-19E0256F98F8}"
EndProject
Project("{FAE04EC0-301F-11D3-BF4B-00C04F79EFBC}") = "Core", "Core\Core.csproj", "{A9BA7686-CB1E-437B-B0DE-C2F0A7900D29}"
EndProject
Project("{FAE04EC0-301F-11D3-BF4B-00C04F79EFBC}") = "Entities", "Entities\Entities.csproj", "{3DFD4F1D-ED6C-41BC-95C9-898679A6274E}"
EndProject
Project("{FAE04EC0-301F-11D3-BF4B-00C04F79EFBC}") = "WebApi", "WebApi\WebApi.csproj", "{3B31507C-2816-4D93-BEB2-6C17FAB2C390}"
EndProject
Global
	GlobalSection(SolutionConfigurationPlatforms) = preSolution
		Debug|Any CPU = Debug|Any CPU
		Release|Any CPU = Release|Any CPU
	EndGlobalSection
	GlobalSection(ProjectConfigurationPlatforms) = postSolution
		{EF192C82-65A9-4707-8AC5-670236BB8F3B}.Debug|Any CPU.ActiveCfg = Debug|Any CPU
		{EF192C82-65A9-4707-8AC5-670236BB8F3B}.Debug|Any CPU.Build.0 = Debug|Any CPU
		{EF192C82-65A9-4707-8AC5-670236BB8F3B}.Release|Any CPU.ActiveCfg = Release|Any CPU
		{EF192C82-65A9-4707-8AC5-670236BB8F3B}.Release|Any CPU.Build.0 = Release|Any CPU
		{3CB8667B-DC4E-4B5E-951C-19E0256F98F8}.Debug|Any CPU.ActiveCfg = Debug|Any CPU
		{3CB8667B-DC4E-4B5E-951C-19E0256F98F8}.Debug|Any CPU.Build.0 = Debug|Any CPU
		{3CB8667B-DC4E-4B5E-951C-19E0256F98F8}.Release|Any CPU.ActiveCfg = Release|Any CPU
		{3CB8667B-DC4E-4B5E-951C-19E0256F98F8}.Release|Any CPU.Build.0 = Release|Any CPU
		{A9BA7686-CB1E-437B-B0DE-C2F0A7900D29}.Debug|Any CPU.ActiveCfg = Debug|Any CPU
		{A9BA7686-CB1E-437B-B0DE-C2F0A7900D29}.Debug|Any CPU.Build.0 = Debug|Any CPU
		{A9BA7686-CB1E-437B-B0DE-C2F0A7900D29}.Release|Any CPU.ActiveCfg = Release|Any CPU
		{A9BA7686-CB1E-437B-B0DE-C2F0A7900D29}.Release|Any CPU.Build.0 = Release|Any CPU
		{3DFD4F1D-ED6C-41BC-95C9-898679A6274E}.Debug|Any CPU.ActiveCfg = Debug|Any CPU
		{3DFD4F1D-ED6C-41BC-95C9-898679A6274E}.Debug|Any CPU.Build.0 = Debug|Any CPU
		{3DFD4F1D-ED6C-41BC-95C9-898679A6274E}.Release|Any CPU.ActiveCfg = Release|Any CPU
		{3DFD4F1D-ED6C-41BC-95C9-898679A6274E}.Release|Any CPU.Build.0 = Release|Any CPU
		{3B31507C-2816-4D93-BEB2-6C17FAB2C390}.Debug|Any CPU.ActiveCfg = Debug|Any CPU
		{3B31507C-2816-4D93-BEB2-6C17FAB2C390}.Debug|Any CPU.Build.0 = Debug|Any CPU
		{3B31507C-2816-4D93-BEB2-6C17FAB2C390}.Release|Any CPU.ActiveCfg = Release|Any CPU
		{3B31507C-2816-4D93-BEB2-6C17FAB2C390}.Release|Any CPU.Build.0 = Release|Any CPU
	EndGlobalSection
	GlobalSection(SolutionProperties) = preSolution
		HideSolutionNode = FALSE
	EndGlobalSection
	GlobalSection(ExtensibilityGlobals) = postSolution
		SolutionGuid = {33DE94AD-FCDF-4564-8FC6-A4AC3E26979D}
	EndGlobalSection
EndGlobal
